# THIS IS AN AUTOGENERATED FILE. DO NOT EDIT THIS FILE DIRECTLY.
# yarn lockfile v1


"@types/lodash-es@^4.17.6":
  version "4.17.10"
  resolved "https://registry.yarnpkg.com/@types/lodash-es/-/lodash-es-4.17.10.tgz#1b36a76ca9eda20c0263e19bbe1a3adb1b317707"
  integrity sha512-YJP+w/2khSBwbUSFdGsSqmDvmnN3cCKoPOL7Zjle6s30ZtemkkqhjVfFqGwPN7ASil5VyjE2GtyU/yqYY6mC0A==
  dependencies:
    "@types/lodash" "*"

"@types/lodash@*":
  version "4.14.200"
  resolved "https://registry.yarnpkg.com/@types/lodash/-/lodash-4.14.200.tgz#435b6035c7eba9cdf1e039af8212c9e9281e7149"
  integrity sha512-YI/M/4HRImtNf3pJgbF+W6FrXovqj+T+/HpENLTooK9PnkacBsDpeP3IpHab40CClUfhNmdM2WTNP2sa2dni5Q==

can-use-dom@^0.1.0:
  version "0.1.0"
  resolved "https://registry.yarnpkg.com/can-use-dom/-/can-use-dom-0.1.0.tgz#22cc4a34a0abc43950f42c6411024a3f6366b45a"
  integrity sha512-ceOhN1DL7Y4O6M0j9ICgmTYziV89WMd96SvSl0REd8PMgrY0B/WBOPoed5S1KUmJqXgUXh8gzSe6E3ae27upsQ==

lodash-es@^4.17.21:
  version "4.17.21"
  resolved "https://registry.yarnpkg.com/lodash-es/-/lodash-es-4.17.21.tgz#43e626c46e6591b7750beb2b50117390c609e3ee"
  integrity sha512-mKnC+QJ9pWVzv+C4/U3rRsHapFfHvQFoFB92e52xeyGMcX6/OlIl78je1u8vePzYZSkkogMPJ2yjxxsb89cxyw==

lodash@^4.17.21:
  version "4.17.21"
  resolved "https://registry.yarnpkg.com/lodash/-/lodash-4.17.21.tgz#679591c564c3bffaae8454cf0b3df370c3d6911c"
  integrity sha512-v2kDEe57lecTulaDIuNTPy3Ry4gLGJ6Z1O3vE1krgXZNrsQ+LFTGHVxVjcXPs17LhbZVGedAJv8XZ1tvj5FvSg==

simplebar-core@^1.2.4:
  version "1.2.4"
  resolved "https://registry.yarnpkg.com/simplebar-core/-/simplebar-core-1.2.4.tgz#1fe965716a426f812c1a112ce28d98b9a643797b"
  integrity sha512-P+Sqshef4fq3++gQ82TgNYcgl3qZFSCP5jS2/8NMmw18oagXOijMzs1G+vm6RUY3oMvpwH3wGoqh9u6SyDjHfQ==
  dependencies:
    "@types/lodash-es" "^4.17.6"
    can-use-dom "^0.1.0"
    lodash "^4.17.21"
    lodash-es "^4.17.21"

simplebar-react@^3.2.4:
  version "3.2.4"
  resolved "https://registry.yarnpkg.com/simplebar-react/-/simplebar-react-3.2.4.tgz#fa495e50048c497c767fb5591b106658f160b240"
  integrity sha512-ogLN79e7JUm82wJChD7NSUB+4EHCFvDkjXpiu8hT1Alk7DnCekUWds61NXcsP9jC97KOgF5To/AVjYFbX0olgg==
  dependencies:
    simplebar-core "^1.2.4"
